# This file is automatically @generated by Cargo.
# It is not intended for manual editing.
[[package]]
name = "almost"
version = "0.2.0"
source = "registry+https://github.com/rust-lang/crates.io-index"
checksum = "3aa2999eb46af81abb65c2d30d446778d7e613b60bbf4e174a027e80f90a3c14"

[[package]]
name = "ray_tracing"
version = "0.1.0"
dependencies = [
 "almost",
]
